{
  "name": "bathroom",
  "version": "1.0.0",
  "lockfileVersion": 1,
  "requires": true,
  "dependencies": {
    "big-integer": {
      "version": "1.6.34",
      "resolved": "https://registry.npmjs.org/big-integer/-/big-integer-1.6.34.tgz",
      "integrity": "sha512-+w6B0Uo0ZvTSzDkXjoBCTNK0oe+aVL+yPi7kwGZm8hd8+Nj1AFPoxoq1Bl/mEu/G/ivOkUc1LRqVR0XeWFUzuA=="
    }
  }
}
